[[package]]
name = "asgiref"
version = "3.4.1"
description = "ASGI specs, helper code, and adapters"
category = "main"
optional = false
python-versions = ">=3.6"

[package.extras]
tests = ["pytest", "pytest-asyncio", "mypy (>=0.800)"]

[[package]]
name = "certifi"
version = "2021.5.30"
description = "Python package for providing Mozilla's CA Bundle."
category = "main"
optional = false
python-versions = "*"

[[package]]
name = "charset-normalizer"
version = "2.0.4"
description = "The Real First Universal Charset Detector. Open, modern and actively maintained alternative to Chardet."
category = "main"
optional = false
python-versions = ">=3.5.0"

[package.extras]
unicode_backport = ["unicodedata2"]

[[package]]
name = "dj-database-url"
version = "0.5.0"
description = "Use Database URLs in your Django Application."
category = "main"
optional = false
python-versions = "*"

[[package]]
name = "django"
version = "3.2.6"
description = "A high-level Python Web framework that encourages rapid development and clean, pragmatic design."
category = "main"
optional = false
python-versions = ">=3.6"

[package.dependencies]
asgiref = ">=3.3.2,<4"
pytz = "*"
sqlparse = ">=0.2.2"

[package.extras]
argon2 = ["argon2-cffi (>=19.1.0)"]
bcrypt = ["bcrypt"]

[[package]]
name = "django-extra-views"
version = "0.13.0"
description = "Extra class-based views for Django"
category = "main"
optional = false
python-versions = "*"

[package.dependencies]
Django = ">=1.11"
six = ">=1.5.2"

[[package]]
name = "django-filter"
version = "2.4.0"
description = "Django-filter is a reusable Django application for allowing users to filter querysets dynamically."
category = "main"
optional = false
python-versions = ">=3.5"

[package.dependencies]
Django = ">=2.2"

[[package]]
name = "django-heroku"
version = "0.3.1"
description = "This is a Django library for Heroku apps."
category = "main"
optional = false
python-versions = "*"

[package.dependencies]
dj-database-url = ">=0.5.0"
django = "*"
psycopg2 = "*"
whitenoise = "*"

[[package]]
name = "django-money"
version = "1.3.1"
description = "Adds support for using money and currency fields in django models and forms. Uses py-moneyed as the money implementation."
category = "main"
optional = false
python-versions = ">=3.5"

[package.dependencies]
Django = ">=1.11"
py-moneyed = ">=0.8,<1.0"

[package.extras]
exchange = ["certifi"]
test = ["pytest (>=3.1.0)", "pytest-django", "pytest-pythonpath", "pytest-cov", "mixer"]

[[package]]
name = "django-sendgrid-v5"
version = "0.9.1"
description = "An implementation of Django's EmailBackend compatible with sendgrid-python v5+"
category = "main"
optional = false
python-versions = "*"

[package.dependencies]
django = ">=1.8"
future = "*"
python-http-client = ">=3.0.0"
sendgrid = ">=5.0.0"

[[package]]
name = "django-shapeshifter"
version = "18.9.23"
description = "Class-based views for simultaneously handling multiple forms in Django"
category = "main"
optional = false
python-versions = "*"

[[package]]
name = "future"
version = "0.18.2"
description = "Clean single-source support for Python 3 and 2"
category = "main"
optional = false
python-versions = ">=2.6, !=3.0.*, !=3.1.*, !=3.2.*"

[[package]]
name = "gunicorn"
version = "20.1.0"
description = "WSGI HTTP Server for UNIX"
category = "main"
optional = false
python-versions = ">=3.5"

[package.extras]
eventlet = ["eventlet (>=0.24.1)"]
gevent = ["gevent (>=1.4.0)"]
setproctitle = ["setproctitle"]
tornado = ["tornado (>=0.2)"]

[[package]]
name = "idna"
version = "3.2"
description = "Internationalized Domain Names in Applications (IDNA)"
category = "main"
optional = false
python-versions = ">=3.5"

[[package]]
name = "pillow"
version = "8.3.2"
description = "Python Imaging Library (Fork)"
category = "main"
optional = false
python-versions = ">=3.6"

[[package]]
name = "psycopg2"
version = "2.9.1"
description = "psycopg2 - Python-PostgreSQL Database Adapter"
category = "main"
optional = false
python-versions = ">=3.6"

[[package]]
name = "py-moneyed"
version = "0.8.0"
description = "Provides Currency and Money classes for use in your Python code."
category = "main"
optional = false
python-versions = "*"

[package.extras]
tests = ["pytest (>=2.3.0)", "tox (>=1.6.0)"]

[[package]]
name = "pylibmc"
version = "1.6.1"
description = "Quick and small memcached client for Python"
category = "main"
optional = false
python-versions = "*"

[[package]]
name = "python-dateutil"
version = "2.8.2"
description = "Extensions to the standard Python datetime module"
category = "main"
optional = false
python-versions = "!=3.0.*,!=3.1.*,!=3.2.*,>=2.7"

[package.dependencies]
six = ">=1.5"

[[package]]
name = "python-http-client"
version = "3.3.2"
description = "HTTP REST client, simplified for Python"
category = "main"
optional = false
python-versions = ">=2.7, !=3.0.*, !=3.1.*, !=3.2.*, !=3.3.*"

[[package]]
name = "pytz"
version = "2021.1"
description = "World timezone definitions, modern and historical"
category = "main"
optional = false
python-versions = "*"

[[package]]
name = "requests"
version = "2.26.0"
description = "Python HTTP for Humans."
category = "main"
optional = false
python-versions = ">=2.7, !=3.0.*, !=3.1.*, !=3.2.*, !=3.3.*, !=3.4.*, !=3.5.*"

[package.dependencies]
certifi = ">=2017.4.17"
charset-normalizer = {version = ">=2.0.0,<2.1.0", markers = "python_version >= \"3\""}
idna = {version = ">=2.5,<4", markers = "python_version >= \"3\""}
urllib3 = ">=1.21.1,<1.27"

[package.extras]
socks = ["PySocks (>=1.5.6,!=1.5.7)", "win-inet-pton"]
use_chardet_on_py3 = ["chardet (>=3.0.2,<5)"]

[[package]]
name = "sendgrid"
version = "6.7.1"
description = "Twilio SendGrid library for Python"
category = "main"
optional = false
python-versions = ">=2.7, !=3.0.*, !=3.1.*, !=3.2.*, !=3.3.*, !=3.4.*"

[package.dependencies]
python-http-client = ">=3.2.1"
starkbank-ecdsa = ">=1.0.0"

[[package]]
name = "sentry-sdk"
version = "1.3.1"
description = "Python client for Sentry (https://sentry.io)"
category = "main"
optional = false
python-versions = "*"

[package.dependencies]
certifi = "*"
urllib3 = ">=1.10.0"

[package.extras]
aiohttp = ["aiohttp (>=3.5)"]
beam = ["apache-beam (>=2.12)"]
bottle = ["bottle (>=0.12.13)"]
celery = ["celery (>=3)"]
chalice = ["chalice (>=1.16.0)"]
django = ["django (>=1.8)"]
falcon = ["falcon (>=1.4)"]
flask = ["flask (>=0.11)", "blinker (>=1.1)"]
httpx = ["httpx (>=0.16.0)"]
pure_eval = ["pure-eval", "executing", "asttokens"]
pyspark = ["pyspark (>=2.4.4)"]
rq = ["rq (>=0.6)"]
sanic = ["sanic (>=0.8)"]
sqlalchemy = ["sqlalchemy (>=1.2)"]
tornado = ["tornado (>=5)"]

[[package]]
name = "six"
version = "1.16.0"
description = "Python 2 and 3 compatibility utilities"
category = "main"
optional = false
python-versions = ">=2.7, !=3.0.*, !=3.1.*, !=3.2.*"

[[package]]
name = "sqlparse"
version = "0.4.2"
description = "A non-validating SQL parser."
category = "main"
optional = false
python-versions = ">=3.5"

[[package]]
name = "starkbank-ecdsa"
version = "2.0.1"
description = "A lightweight and fast pure python ECDSA library"
category = "main"
optional = false
python-versions = "*"

[[package]]
name = "urllib3"
version = "1.26.6"
description = "HTTP library with thread-safe connection pooling, file post, and more."
category = "main"
optional = false
python-versions = ">=2.7, !=3.0.*, !=3.1.*, !=3.2.*, !=3.3.*, !=3.4.*, <4"

[package.extras]
brotli = ["brotlipy (>=0.6.0)"]
secure = ["pyOpenSSL (>=0.14)", "cryptography (>=1.3.4)", "idna (>=2.0.0)", "certifi", "ipaddress"]
socks = ["PySocks (>=1.5.6,!=1.5.7,<2.0)"]

[[package]]
name = "whitenoise"
version = "5.3.0"
description = "Radically simplified static file serving for WSGI applications"
category = "main"
optional = false
python-versions = ">=3.5, <4"

[package.extras]
brotli = ["brotli"]

[metadata]
lock-version = "1.1"
python-versions = "^3.8"
content-hash = "2a33afc7be39ba673a11fb2447e4bb840c0aa4f8d326b1dea01119b8d02ad1f8"

[metadata.files]
asgiref = [
    {file = "asgiref-3.4.1-py3-none-any.whl", hash = "sha256:ffc141aa908e6f175673e7b1b3b7af4fdb0ecb738fc5c8b88f69f055c2415214"},
    {file = "asgiref-3.4.1.tar.gz", hash = "sha256:4ef1ab46b484e3c706329cedeff284a5d40824200638503f5768edb6de7d58e9"},
]
certifi = [
    {file = "certifi-2021.5.30-py2.py3-none-any.whl", hash = "sha256:50b1e4f8446b06f41be7dd6338db18e0990601dce795c2b1686458aa7e8fa7d8"},
    {file = "certifi-2021.5.30.tar.gz", hash = "sha256:2bbf76fd432960138b3ef6dda3dde0544f27cbf8546c458e60baf371917ba9ee"},
]
charset-normalizer = [
    {file = "charset-normalizer-2.0.4.tar.gz", hash = "sha256:f23667ebe1084be45f6ae0538e4a5a865206544097e4e8bbcacf42cd02a348f3"},
    {file = "charset_normalizer-2.0.4-py3-none-any.whl", hash = "sha256:0c8911edd15d19223366a194a513099a302055a962bca2cec0f54b8b63175d8b"},
]
dj-database-url = [
    {file = "dj-database-url-0.5.0.tar.gz", hash = "sha256:4aeaeb1f573c74835b0686a2b46b85990571159ffc21aa57ecd4d1e1cb334163"},
    {file = "dj_database_url-0.5.0-py2.py3-none-any.whl", hash = "sha256:851785365761ebe4994a921b433062309eb882fedd318e1b0fcecc607ed02da9"},
]
django = [
    {file = "Django-3.2.6-py3-none-any.whl", hash = "sha256:7f92413529aa0e291f3be78ab19be31aefb1e1c9a52cd59e130f505f27a51f13"},
    {file = "Django-3.2.6.tar.gz", hash = "sha256:f27f8544c9d4c383bbe007c57e3235918e258364577373d4920e9162837be022"},
]
django-extra-views = [
    {file = "django-extra-views-0.13.0.tar.gz", hash = "sha256:3c88f1e6714ec174142b6e76605fa1d5d1615c6ae2eb00568c095da778cc1245"},
]
django-filter = [
    {file = "django-filter-2.4.0.tar.gz", hash = "sha256:84e9d5bb93f237e451db814ed422a3a625751cbc9968b484ecc74964a8696b06"},
    {file = "django_filter-2.4.0-py3-none-any.whl", hash = "sha256:e00d32cebdb3d54273c48f4f878f898dced8d5dfaad009438fe61ebdf535ace1"},
]
django-heroku = [
    {file = "django-heroku-0.3.1.tar.gz", hash = "sha256:6af4bc3ae4a9b55eaad6dbe5164918982d2762661aebc9f83d9fa49f6009514e"},
    {file = "django_heroku-0.3.1-py2.py3-none-any.whl", hash = "sha256:2bc690aab89eedbe01311752320a9a12e7548e3b0ed102681acc5736a41a4762"},
]
django-money = [
    {file = "django-money-1.3.1.tar.gz", hash = "sha256:a363ce16a23e403befdafa9895b2f538a10f9d390b160f12140094a6dfd55246"},
    {file = "django_money-1.3.1-py3-none-any.whl", hash = "sha256:3b8fc751c8ae27cf877b8f3770ade1b63af97ee49a32ac08a6a1bc6d8d59f089"},
]
django-sendgrid-v5 = [
    {file = "django-sendgrid-v5-0.9.1.tar.gz", hash = "sha256:378e3bf8997b5c338ae934be2c894196037a45427d1ededa33f1234baf110731"},
    {file = "django_sendgrid_v5-0.9.1-py2.py3-none-any.whl", hash = "sha256:869fb75f9e216a58f94f37cfad6990c6691e8c79994f0d7287ad37412d6b717d"},
]
django-shapeshifter = [
    {file = "django-shapeshifter-18.9.23.tar.gz", hash = "sha256:7e127f00f155eb5c01acb2bcaeb46f7919451d4956b1b14ecde0a485d9f8339d"},
    {file = "django_shapeshifter-18.9.23-py2.py3-none-any.whl", hash = "sha256:e9a829587610a40a7d03fb19436413bc92450c1bf00e90927836a8717b130bc7"},
]
future = [
    {file = "future-0.18.2.tar.gz", hash = "sha256:b1bead90b70cf6ec3f0710ae53a525360fa360d306a86583adc6bf83a4db537d"},
]
gunicorn = [
    {file = "gunicorn-20.1.0-py3-none-any.whl", hash = "sha256:9dcc4547dbb1cb284accfb15ab5667a0e5d1881cc443e0677b4882a4067a807e"},
    {file = "gunicorn-20.1.0.tar.gz", hash = "sha256:e0a968b5ba15f8a328fdfd7ab1fcb5af4470c28aaf7e55df02a99bc13138e6e8"},
]
idna = [
    {file = "idna-3.2-py3-none-any.whl", hash = "sha256:14475042e284991034cb48e06f6851428fb14c4dc953acd9be9a5e95c7b6dd7a"},
    {file = "idna-3.2.tar.gz", hash = "sha256:467fbad99067910785144ce333826c71fb0e63a425657295239737f7ecd125f3"},
]
pillow = [
    {file = "Pillow-8.3.2-cp310-cp310-macosx_10_10_universal2.whl", hash = "sha256:c691b26283c3a31594683217d746f1dad59a7ae1d4cfc24626d7a064a11197d4"},
    {file = "Pillow-8.3.2-cp310-cp310-macosx_11_0_arm64.whl", hash = "sha256:f514c2717012859ccb349c97862568fdc0479aad85b0270d6b5a6509dbc142e2"},
    {file = "Pillow-8.3.2-cp310-cp310-manylinux_2_17_aarch64.manylinux2014_aarch64.whl", hash = "sha256:be25cb93442c6d2f8702c599b51184bd3ccd83adebd08886b682173e09ef0c3f"},
    {file = "Pillow-8.3.2-cp310-cp310-manylinux_2_17_i686.manylinux2014_i686.whl", hash = "sha256:d675a876b295afa114ca8bf42d7f86b5fb1298e1b6bb9a24405a3f6c8338811c"},
    {file = "Pillow-8.3.2-cp310-cp310-manylinux_2_17_x86_64.manylinux2014_x86_64.whl", hash = "sha256:59697568a0455764a094585b2551fd76bfd6b959c9f92d4bdec9d0e14616303a"},
    {file = "Pillow-8.3.2-cp310-cp310-win32.whl", hash = "sha256:2d5e9dc0bf1b5d9048a94c48d0813b6c96fccfa4ccf276d9c36308840f40c228"},
    {file = "Pillow-8.3.2-cp310-cp310-win_amd64.whl", hash = "sha256:11c27e74bab423eb3c9232d97553111cc0be81b74b47165f07ebfdd29d825875"},
    {file = "Pillow-8.3.2-cp36-cp36m-macosx_10_10_x86_64.whl", hash = "sha256:11eb7f98165d56042545c9e6db3ce394ed8b45089a67124298f0473b29cb60b2"},
    {file = "Pillow-8.3.2-cp36-cp36m-manylinux_2_17_aarch64.manylinux2014_aarch64.whl", hash = "sha256:2f23b2d3079522fdf3c09de6517f625f7a964f916c956527bed805ac043799b8"},
    {file = "Pillow-8.3.2-cp36-cp36m-manylinux_2_17_i686.manylinux2014_i686.whl", hash = "sha256:19ec4cfe4b961edc249b0e04b5618666c23a83bc35842dea2bfd5dfa0157f81b"},
    {file = "Pillow-8.3.2-cp36-cp36m-manylinux_2_17_x86_64.manylinux2014_x86_64.whl", hash = "sha256:e5a31c07cea5edbaeb4bdba6f2b87db7d3dc0f446f379d907e51cc70ea375629"},
    {file = "Pillow-8.3.2-cp36-cp36m-manylinux_2_5_i686.manylinux1_i686.whl", hash = "sha256:15ccb81a6ffc57ea0137f9f3ac2737ffa1d11f786244d719639df17476d399a7"},
    {file = "Pillow-8.3.2-cp36-cp36m-manylinux_2_5_x86_64.manylinux1_x86_64.whl", hash = "sha256:8f284dc1695caf71a74f24993b7c7473d77bc760be45f776a2c2f4e04c170550"},
    {file = "Pillow-8.3.2-cp36-cp36m-win32.whl", hash = "sha256:4abc247b31a98f29e5224f2d31ef15f86a71f79c7f4d2ac345a5d551d6393073"},
    {file = "Pillow-8.3.2-cp36-cp36m-win_amd64.whl", hash = "sha256:a048dad5ed6ad1fad338c02c609b862dfaa921fcd065d747194a6805f91f2196"},
    {file = "Pillow-8.3.2-cp37-cp37m-macosx_10_10_x86_64.whl", hash = "sha256:06d1adaa284696785375fa80a6a8eb309be722cf4ef8949518beb34487a3df71"},
    {file = "Pillow-8.3.2-cp37-cp37m-manylinux_2_17_aarch64.manylinux2014_aarch64.whl", hash = "sha256:bd24054aaf21e70a51e2a2a5ed1183560d3a69e6f9594a4bfe360a46f94eba83"},
    {file = "Pillow-8.3.2-cp37-cp37m-manylinux_2_17_i686.manylinux2014_i686.whl", hash = "sha256:27a330bf7014ee034046db43ccbb05c766aa9e70b8d6c5260bfc38d73103b0ba"},
    {file = "Pillow-8.3.2-cp37-cp37m-manylinux_2_17_x86_64.manylinux2014_x86_64.whl", hash = "sha256:13654b521fb98abdecec105ea3fb5ba863d1548c9b58831dd5105bb3873569f1"},
    {file = "Pillow-8.3.2-cp37-cp37m-manylinux_2_5_i686.manylinux1_i686.whl", hash = "sha256:a1bd983c565f92779be456ece2479840ec39d386007cd4ae83382646293d681b"},
    {file = "Pillow-8.3.2-cp37-cp37m-manylinux_2_5_x86_64.manylinux1_x86_64.whl", hash = "sha256:4326ea1e2722f3dc00ed77c36d3b5354b8fb7399fb59230249ea6d59cbed90da"},
    {file = "Pillow-8.3.2-cp37-cp37m-win32.whl", hash = "sha256:085a90a99404b859a4b6c3daa42afde17cb3ad3115e44a75f0d7b4a32f06a6c9"},
    {file = "Pillow-8.3.2-cp37-cp37m-win_amd64.whl", hash = "sha256:18a07a683805d32826c09acfce44a90bf474e6a66ce482b1c7fcd3757d588df3"},
    {file = "Pillow-8.3.2-cp38-cp38-macosx_10_10_x86_64.whl", hash = "sha256:4e59e99fd680e2b8b11bbd463f3c9450ab799305d5f2bafb74fefba6ac058616"},
    {file = "Pillow-8.3.2-cp38-cp38-macosx_11_0_arm64.whl", hash = "sha256:4d89a2e9219a526401015153c0e9dd48319ea6ab9fe3b066a20aa9aee23d9fd3"},
    {file = "Pillow-8.3.2-cp38-cp38-manylinux_2_17_aarch64.manylinux2014_aarch64.whl", hash = "sha256:56fd98c8294f57636084f4b076b75f86c57b2a63a8410c0cd172bc93695ee979"},
    {file = "Pillow-8.3.2-cp38-cp38-manylinux_2_17_i686.manylinux2014_i686.whl", hash = "sha256:2b11c9d310a3522b0fd3c35667914271f570576a0e387701f370eb39d45f08a4"},
    {file = "Pillow-8.3.2-cp38-cp38-manylinux_2_17_x86_64.manylinux2014_x86_64.whl", hash = "sha256:0412516dcc9de9b0a1e0ae25a280015809de8270f134cc2c1e32c4eeb397cf30"},
    {file = "Pillow-8.3.2-cp38-cp38-manylinux_2_5_i686.manylinux1_i686.whl", hash = "sha256:bcb04ff12e79b28be6c9988f275e7ab69f01cc2ba319fb3114f87817bb7c74b6"},
    {file = "Pillow-8.3.2-cp38-cp38-manylinux_2_5_x86_64.manylinux1_x86_64.whl", hash = "sha256:0b9911ec70731711c3b6ebcde26caea620cbdd9dcb73c67b0730c8817f24711b"},
    {file = "Pillow-8.3.2-cp38-cp38-win32.whl", hash = "sha256:ce2e5e04bb86da6187f96d7bab3f93a7877830981b37f0287dd6479e27a10341"},
    {file = "Pillow-8.3.2-cp38-cp38-win_amd64.whl", hash = "sha256:35d27687f027ad25a8d0ef45dd5208ef044c588003cdcedf05afb00dbc5c2deb"},
    {file = "Pillow-8.3.2-cp39-cp39-macosx_10_10_x86_64.whl", hash = "sha256:04835e68ef12904bc3e1fd002b33eea0779320d4346082bd5b24bec12ad9c3e9"},
    {file = "Pillow-8.3.2-cp39-cp39-macosx_11_0_arm64.whl", hash = "sha256:10e00f7336780ca7d3653cf3ac26f068fa11b5a96894ea29a64d3dc4b810d630"},
    {file = "Pillow-8.3.2-cp39-cp39-manylinux_2_17_aarch64.manylinux2014_aarch64.whl", hash = "sha256:2cde7a4d3687f21cffdf5bb171172070bb95e02af448c4c8b2f223d783214056"},
    {file = "Pillow-8.3.2-cp39-cp39-manylinux_2_17_i686.manylinux2014_i686.whl", hash = "sha256:1c3ff00110835bdda2b1e2b07f4a2548a39744bb7de5946dc8e95517c4fb2ca6"},
    {file = "Pillow-8.3.2-cp39-cp39-manylinux_2_17_x86_64.manylinux2014_x86_64.whl", hash = "sha256:35d409030bf3bd05fa66fb5fdedc39c521b397f61ad04309c90444e893d05f7d"},
    {file = "Pillow-8.3.2-cp39-cp39-manylinux_2_5_i686.manylinux1_i686.whl", hash = "sha256:6bff50ba9891be0a004ef48828e012babaaf7da204d81ab9be37480b9020a82b"},
    {file = "Pillow-8.3.2-cp39-cp39-manylinux_2_5_x86_64.manylinux1_x86_64.whl", hash = "sha256:7dbfbc0020aa1d9bc1b0b8bcf255a7d73f4ad0336f8fd2533fcc54a4ccfb9441"},
    {file = "Pillow-8.3.2-cp39-cp39-win32.whl", hash = "sha256:963ebdc5365d748185fdb06daf2ac758116deecb2277ec5ae98139f93844bc09"},
    {file = "Pillow-8.3.2-cp39-cp39-win_amd64.whl", hash = "sha256:cc9d0dec711c914ed500f1d0d3822868760954dce98dfb0b7382a854aee55d19"},
    {file = "Pillow-8.3.2-pp36-pypy36_pp73-macosx_10_10_x86_64.whl", hash = "sha256:2c661542c6f71dfd9dc82d9d29a8386287e82813b0375b3a02983feac69ef864"},
    {file = "Pillow-8.3.2-pp36-pypy36_pp73-manylinux_2_12_i686.manylinux2010_i686.whl", hash = "sha256:548794f99ff52a73a156771a0402f5e1c35285bd981046a502d7e4793e8facaa"},
    {file = "Pillow-8.3.2-pp36-pypy36_pp73-manylinux_2_12_x86_64.manylinux2010_x86_64.whl", hash = "sha256:8b68f565a4175e12e68ca900af8910e8fe48aaa48fd3ca853494f384e11c8bcd"},
    {file = "Pillow-8.3.2-pp36-pypy36_pp73-manylinux_2_17_i686.manylinux2014_i686.whl", hash = "sha256:838eb85de6d9307c19c655c726f8d13b8b646f144ca6b3771fa62b711ebf7624"},
    {file = "Pillow-8.3.2-pp36-pypy36_pp73-manylinux_2_17_x86_64.manylinux2014_x86_64.whl", hash = "sha256:feb5db446e96bfecfec078b943cc07744cc759893cef045aa8b8b6d6aaa8274e"},
    {file = "Pillow-8.3.2-pp37-pypy37_pp73-macosx_10_10_x86_64.whl", hash = "sha256:fc0db32f7223b094964e71729c0361f93db43664dd1ec86d3df217853cedda87"},
    {file = "Pillow-8.3.2-pp37-pypy37_pp73-manylinux_2_12_i686.manylinux2010_i686.whl", hash = "sha256:fd4fd83aa912d7b89b4b4a1580d30e2a4242f3936882a3f433586e5ab97ed0d5"},
    {file = "Pillow-8.3.2-pp37-pypy37_pp73-manylinux_2_12_x86_64.manylinux2010_x86_64.whl", hash = "sha256:d0c8ebbfd439c37624db98f3877d9ed12c137cadd99dde2d2eae0dab0bbfc355"},
    {file = "Pillow-8.3.2-pp37-pypy37_pp73-manylinux_2_17_i686.manylinux2014_i686.whl", hash = "sha256:6cb3dd7f23b044b0737317f892d399f9e2f0b3a02b22b2c692851fb8120d82c6"},
    {file = "Pillow-8.3.2-pp37-pypy37_pp73-manylinux_2_17_x86_64.manylinux2014_x86_64.whl", hash = "sha256:a66566f8a22561fc1a88dc87606c69b84fa9ce724f99522cf922c801ec68f5c1"},
    {file = "Pillow-8.3.2-pp37-pypy37_pp73-win_amd64.whl", hash = "sha256:ce651ca46d0202c302a535d3047c55a0131a720cf554a578fc1b8a2aff0e7d96"},
    {file = "Pillow-8.3.2.tar.gz", hash = "sha256:dde3f3ed8d00c72631bc19cbfff8ad3b6215062a5eed402381ad365f82f0c18c"},
]
psycopg2 = [
    {file = "psycopg2-2.9.1-cp310-cp310-win32.whl", hash = "sha256:25615574419dd9bda6fdfdcd58afb22e721f5b807cb3d5e62f488c8acf8cb754"},
    {file = "psycopg2-2.9.1-cp310-cp310-win_amd64.whl", hash = "sha256:e5a8ed9dbfca8dc162c4ada5ab017e10d5a66c542b4c73569f103fa5f342f498"},
    {file = "psycopg2-2.9.1-cp36-cp36m-win32.whl", hash = "sha256:7f91312f065df517187134cce8e395ab37f5b601a42446bdc0f0d51773621854"},
    {file = "psycopg2-2.9.1-cp36-cp36m-win_amd64.whl", hash = "sha256:830c8e8dddab6b6716a4bf73a09910c7954a92f40cf1d1e702fb93c8a919cc56"},
    {file = "psycopg2-2.9.1-cp37-cp37m-win32.whl", hash = "sha256:89409d369f4882c47f7ea20c42c5046879ce22c1e4ea20ef3b00a4dfc0a7f188"},
    {file = "psycopg2-2.9.1-cp37-cp37m-win_amd64.whl", hash = "sha256:7640e1e4d72444ef012e275e7b53204d7fab341fb22bc76057ede22fe6860b25"},
    {file = "psycopg2-2.9.1-cp38-cp38-win32.whl", hash = "sha256:079d97fc22de90da1d370c90583659a9f9a6ee4007355f5825e5f1c70dffc1fa"},
    {file = "psycopg2-2.9.1-cp38-cp38-win_amd64.whl", hash = "sha256:2c992196719fadda59f72d44603ee1a2fdcc67de097eea38d41c7ad9ad246e62"},
    {file = "psycopg2-2.9.1-cp39-cp39-win32.whl", hash = "sha256:2087013c159a73e09713294a44d0c8008204d06326006b7f652bef5ace66eebb"},
    {file = "psycopg2-2.9.1-cp39-cp39-win_amd64.whl", hash = "sha256:bf35a25f1aaa8a3781195595577fcbb59934856ee46b4f252f56ad12b8043bcf"},
    {file = "psycopg2-2.9.1.tar.gz", hash = "sha256:de5303a6f1d0a7a34b9d40e4d3bef684ccc44a49bbe3eb85e3c0bffb4a131b7c"},
]
py-moneyed = [
    {file = "py-moneyed-0.8.0.tar.gz", hash = "sha256:ec73795171919d537880a33c44d07fcdf0a5225e8368684fe02f0e75a6404742"},
    {file = "py_moneyed-0.8.0-py2.py3-none-any.whl", hash = "sha256:c6691b914a5e4b5b2335cf113620479a52cc82988c0e143435a7c5c7d60cd4ad"},
]
pylibmc = [
    {file = "pylibmc-1.6.1-cp27-cp27mu-manylinux1_x86_64.whl", hash = "sha256:01a7e2e3fa9fcd7a791c7818a80a07e7a381aee988a5d810a1c1e6f7a9a288fd"},
    {file = "pylibmc-1.6.1-cp35-cp35m-manylinux1_x86_64.whl", hash = "sha256:6fff384e3c30af029bbac87f88b3fab14ae87b50103d389341d9b3e633349a3f"},
    {file = "pylibmc-1.6.1-cp36-cp36m-manylinux1_x86_64.whl", hash = "sha256:c749b4251c1137837d00542b62992b96cd2aed639877407f66291120dd6de2ff"},
    {file = "pylibmc-1.6.1-cp37-cp37m-manylinux1_x86_64.whl", hash = "sha256:e6c0c452336db0868d0de521d48872c2a359b1233b974c6b32c36ce68abc4820"},
    {file = "pylibmc-1.6.1.tar.gz", hash = "sha256:8a8dd406487d419d58c6d944efd91e8189b360a0c4d9e8c6ebe3990d646ae7e9"},
]
python-dateutil = [
    {file = "python-dateutil-2.8.2.tar.gz", hash = "sha256:0123cacc1627ae19ddf3c27a5de5bd67ee4586fbdd6440d9748f8abb483d3e86"},
    {file = "python_dateutil-2.8.2-py2.py3-none-any.whl", hash = "sha256:961d03dc3453ebbc59dbdea9e4e11c5651520a876d0f4db161e8674aae935da9"},
]
python-http-client = [
    {file = "python_http_client-3.3.2.tar.gz", hash = "sha256:67e6a7bea19b03e14dc971480d3531b80becfc203d6c69478561bf7844d52661"},
]
pytz = [
    {file = "pytz-2021.1-py2.py3-none-any.whl", hash = "sha256:eb10ce3e7736052ed3623d49975ce333bcd712c7bb19a58b9e2089d4057d0798"},
    {file = "pytz-2021.1.tar.gz", hash = "sha256:83a4a90894bf38e243cf052c8b58f381bfe9a7a483f6a9cab140bc7f702ac4da"},
]
requests = [
    {file = "requests-2.26.0-py2.py3-none-any.whl", hash = "sha256:6c1246513ecd5ecd4528a0906f910e8f0f9c6b8ec72030dc9fd154dc1a6efd24"},
    {file = "requests-2.26.0.tar.gz", hash = "sha256:b8aa58f8cf793ffd8782d3d8cb19e66ef36f7aba4353eec859e74678b01b07a7"},
]
sendgrid = [
    {file = "sendgrid-6.7.1-py3-none-any.whl", hash = "sha256:2558a8b2cf12677ceb99f8b611d914af5b9a2fd7ff3c0578e8299b4224e10071"},
    {file = "sendgrid-6.7.1.tar.gz", hash = "sha256:1c1cca97ab968f81af43ddbbe44aade5a689da27e3e4975dc366042499620abe"},
]
sentry-sdk = [
    {file = "sentry-sdk-1.3.1.tar.gz", hash = "sha256:ebe99144fa9618d4b0e7617e7929b75acd905d258c3c779edcd34c0adfffe26c"},
    {file = "sentry_sdk-1.3.1-py2.py3-none-any.whl", hash = "sha256:f33d34c886d0ba24c75ea8885a8b3a172358853c7cbde05979fc99c29ef7bc52"},
]
six = [
    {file = "six-1.16.0-py2.py3-none-any.whl", hash = "sha256:8abb2f1d86890a2dfb989f9a77cfcfd3e47c2a354b01111771326f8aa26e0254"},
    {file = "six-1.16.0.tar.gz", hash = "sha256:1e61c37477a1626458e36f7b1d82aa5c9b094fa4802892072e49de9c60c4c926"},
]
sqlparse = [
    {file = "sqlparse-0.4.2-py3-none-any.whl", hash = "sha256:48719e356bb8b42991bdbb1e8b83223757b93789c00910a616a071910ca4a64d"},
    {file = "sqlparse-0.4.2.tar.gz", hash = "sha256:0c00730c74263a94e5a9919ade150dfc3b19c574389985446148402998287dae"},
]
starkbank-ecdsa = [
    {file = "starkbank-ecdsa-2.0.1.tar.gz", hash = "sha256:fe7e36b580da097cc8c0a120e3b7ba335e3901b970a484fd5ce856c026ef7714"},
]
urllib3 = [
    {file = "urllib3-1.26.6-py2.py3-none-any.whl", hash = "sha256:39fb8672126159acb139a7718dd10806104dec1e2f0f6c88aab05d17df10c8d4"},
    {file = "urllib3-1.26.6.tar.gz", hash = "sha256:f57b4c16c62fa2760b7e3d97c35b255512fb6b59a259730f36ba32ce9f8e342f"},
]
whitenoise = [
    {file = "whitenoise-5.3.0-py2.py3-none-any.whl", hash = "sha256:d963ef25639d1417e8a247be36e6aedd8c7c6f0a08adcb5a89146980a96b577c"},
    {file = "whitenoise-5.3.0.tar.gz", hash = "sha256:d234b871b52271ae7ed6d9da47ffe857c76568f11dd30e28e18c5869dbd11e12"},
]
